
Microsoft Visual Studio Solution File, Format Version 12.00
# Visual Studio Version 16
VisualStudioVersion = 16.0.31424.327
MinimumVisualStudioVersion = 10.0.40219.1
Project("{FAE04EC0-301F-11D3-BF4B-00C04F79EFBC}") = "BaiTapLonTuDien_ToQuyPhuoc_1951012094", "BaiTapLonTuDien_ToQuyPhuoc_1951012094\BaiTapLonTuDien_ToQuyPhuoc_1951012094.csproj", "{9C1A5CD6-6CE2-4128-940D-FC9E26CC0A11}"
EndProject
Global
	GlobalSection(SolutionConfigurationPlatforms) = preSolution
		Debug|Any CPU = Debug|Any CPU
		Release|Any CPU = Release|Any CPU
	EndGlobalSection
	GlobalSection(ProjectConfigurationPlatforms) = postSolution
		{9C1A5CD6-6CE2-4128-940D-FC9E26CC0A11}.Debug|Any CPU.ActiveCfg = Debug|Any CPU
		{9C1A5CD6-6CE2-4128-940D-FC9E26CC0A11}.Debug|Any CPU.Build.0 = Debug|Any CPU
		{9C1A5CD6-6CE2-4128-940D-FC9E26CC0A11}.Release|Any CPU.ActiveCfg = Release|Any CPU
		{9C1A5CD6-6CE2-4128-940D-FC9E26CC0A11}.Release|Any CPU.Build.0 = Release|Any CPU
	EndGlobalSection
	GlobalSection(SolutionProperties) = preSolution
		HideSolutionNode = FALSE
	EndGlobalSection
	GlobalSection(ExtensibilityGlobals) = postSolution
		SolutionGuid = {F1F59CE9-7221-4681-BA69-8AC2BBEA019A}
	EndGlobalSection
EndGlobal
